
Microsoft Visual Studio Solution File, Format Version 12.00
# Visual Studio 15
VisualStudioVersion = 15.0.27004.2009
MinimumVisualStudioVersion = 10.0.40219.1
Project("{FAE04EC0-301F-11D3-BF4B-00C04F79EFBC}") = "PRTG-gsMon", "PRTG-gsMon\PRTG-gsMon.csproj", "{7F08663B-EF15-456B-A4EC-6DBEFC1A1BFC}"
EndProject
Global
	GlobalSection(SolutionConfigurationPlatforms) = preSolution
		Debug|Any CPU = Debug|Any CPU
		Release|Any CPU = Release|Any CPU
	EndGlobalSection
	GlobalSection(ProjectConfigurationPlatforms) = postSolution
		{7F08663B-EF15-456B-A4EC-6DBEFC1A1BFC}.Debug|Any CPU.ActiveCfg = Debug|Any CPU
		{7F08663B-EF15-456B-A4EC-6DBEFC1A1BFC}.Debug|Any CPU.Build.0 = Debug|Any CPU
		{7F08663B-EF15-456B-A4EC-6DBEFC1A1BFC}.Release|Any CPU.ActiveCfg = Release|Any CPU
		{7F08663B-EF15-456B-A4EC-6DBEFC1A1BFC}.Release|Any CPU.Build.0 = Release|Any CPU
	EndGlobalSection
	GlobalSection(SolutionProperties) = preSolution
		HideSolutionNode = FALSE
	EndGlobalSection
	GlobalSection(ExtensibilityGlobals) = postSolution
		SolutionGuid = {059DA550-B861-4F3B-99DF-56134C6FBDF1}
	EndGlobalSection
EndGlobal
